{
  "lib/forge-std": {
    "branch": {
      "name": "\"v1\"",
      "rev": "1801b0541f4fda118a10798fd3486bb7051c5dd6"
    }
  },
  "lib/openzeppelin-contracts": {
    "branch": {
      "name": "\"release-v5.5\"",
      "rev": "fcbae5394ae8ad52d8e580a3477db99814b9d565"
    }
  },
  "lib/openzeppelin-contracts-upgradeable": {
    "branch": {
      "name": "\"release-v5.5\"",
      "rev": "aa677e9d28ed78fc427ec47ba2baef2030c58e7c"
    }
  },
  "lib/openzeppelin-foundry-upgrades": {
    "branch": {
      "name": "\"main\"",
      "rev": "cfd861bc18ef4737e82eae6ec75304e27af699ef"
    }
  }
}